{
  "version": "4",
  "redirects": {
    "https://esm.d8d.fun/@deno/shim-deno-test@^0.5.0?target=denonext": "https://esm.d8d.fun/@deno/shim-deno-test@0.5.0?target=denonext",
    "https://esm.d8d.fun/@deno/shim-deno@~0.18.0?target=denonext": "https://esm.d8d.fun/@deno/shim-deno@0.18.2?target=denonext",
    "https://esm.d8d.fun/@socket.io/component-emitter@~3.1.0?target=denonext": "https://esm.d8d.fun/@socket.io/component-emitter@3.1.2?target=denonext",
    "https://esm.d8d.fun/asynckit@^0.4.0?target=denonext": "https://esm.d8d.fun/asynckit@0.4.0?target=denonext",
    "https://esm.d8d.fun/axios@^1.7.2?target=denonext": "https://esm.d8d.fun/axios@1.8.4?target=denonext",
    "https://esm.d8d.fun/bufferutil@^4.0.1?target=denonext": "https://esm.d8d.fun/bufferutil@4.0.9?target=denonext",
    "https://esm.d8d.fun/combined-stream@^1.0.8?target=denonext": "https://esm.d8d.fun/combined-stream@1.0.8?target=denonext",
    "https://esm.d8d.fun/debug?target=denonext": "https://esm.d8d.fun/debug@4.4.0?target=denonext",
    "https://esm.d8d.fun/delayed-stream@~1.0.0?target=denonext": "https://esm.d8d.fun/delayed-stream@1.0.0?target=denonext",
    "https://esm.d8d.fun/engine.io-client@~6.6.1?target=denonext": "https://esm.d8d.fun/engine.io-client@6.6.3?target=denonext",
    "https://esm.d8d.fun/engine.io-parser@~5.2.1?target=denonext": "https://esm.d8d.fun/engine.io-parser@5.2.3?target=denonext",
    "https://esm.d8d.fun/follow-redirects@^1.15.6?target=denonext": "https://esm.d8d.fun/follow-redirects@1.15.9?target=denonext",
    "https://esm.d8d.fun/form-data@^4.0.0?target=denonext": "https://esm.d8d.fun/form-data@4.0.2?target=denonext",
    "https://esm.d8d.fun/isexe@^3.1.1?target=denonext": "https://esm.d8d.fun/isexe@3.1.1?target=denonext",
    "https://esm.d8d.fun/jsonwebtoken@^9.0.2?target=denonext": "https://esm.d8d.fun/jsonwebtoken@9.0.2?target=denonext",
    "https://esm.d8d.fun/jwa@^1.4.1?target=denonext": "https://esm.d8d.fun/jwa@1.4.1?target=denonext",
    "https://esm.d8d.fun/jws@^3.2.2?target=denonext": "https://esm.d8d.fun/jws@3.2.2?target=denonext",
    "https://esm.d8d.fun/lodash.includes@^4.3.0?target=denonext": "https://esm.d8d.fun/lodash.includes@4.3.0?target=denonext",
    "https://esm.d8d.fun/lodash.isboolean@^3.0.3?target=denonext": "https://esm.d8d.fun/lodash.isboolean@3.0.3?target=denonext",
    "https://esm.d8d.fun/lodash.isinteger@^4.0.4?target=denonext": "https://esm.d8d.fun/lodash.isinteger@4.0.4?target=denonext",
    "https://esm.d8d.fun/lodash.isnumber@^3.0.3?target=denonext": "https://esm.d8d.fun/lodash.isnumber@3.0.3?target=denonext",
    "https://esm.d8d.fun/lodash.isplainobject@^4.0.6?target=denonext": "https://esm.d8d.fun/lodash.isplainobject@4.0.6?target=denonext",
    "https://esm.d8d.fun/lodash.isstring@^4.0.1?target=denonext": "https://esm.d8d.fun/lodash.isstring@4.0.1?target=denonext",
    "https://esm.d8d.fun/lodash.once@^4.0.0?target=denonext": "https://esm.d8d.fun/lodash.once@4.1.1?target=denonext",
    "https://esm.d8d.fun/mime-types@^2.1.12?target=denonext": "https://esm.d8d.fun/mime-types@2.1.35?target=denonext",
    "https://esm.d8d.fun/ms@^2.1.1?target=denonext": "https://esm.d8d.fun/ms@2.1.3?target=denonext",
    "https://esm.d8d.fun/ms@^2.1.3?target=denonext": "https://esm.d8d.fun/ms@2.1.3?target=denonext",
    "https://esm.d8d.fun/nanoid@^5.1.2?target=denonext": "https://esm.d8d.fun/nanoid@5.1.5?target=denonext",
    "https://esm.d8d.fun/node-gyp-build@^4.3.0?target=denonext": "https://esm.d8d.fun/node-gyp-build@4.8.4?target=denonext",
    "https://esm.d8d.fun/proxy-from-env@^1.1.0?target=denonext": "https://esm.d8d.fun/proxy-from-env@1.1.0?target=denonext",
    "https://esm.d8d.fun/safe-buffer@^5.0.1?target=denonext": "https://esm.d8d.fun/safe-buffer@5.2.1?target=denonext",
    "https://esm.d8d.fun/semver@^7.5.4?target=denonext": "https://esm.d8d.fun/semver@7.7.1?target=denonext",
    "https://esm.d8d.fun/socket.io-client@^4.7.2?target=denonext": "https://esm.d8d.fun/socket.io-client@4.8.1?target=denonext",
    "https://esm.d8d.fun/socket.io-parser@~4.2.4?target=denonext": "https://esm.d8d.fun/socket.io-parser@4.2.4?target=denonext",
    "https://esm.d8d.fun/supports-color?target=denonext": "https://esm.d8d.fun/supports-color@10.0.0?target=denonext",
    "https://esm.d8d.fun/utf-8-validate@%3E=5.0.2?target=denonext": "https://esm.d8d.fun/utf-8-validate@6.0.5?target=denonext",
    "https://esm.d8d.fun/which@^4.0.0?target=denonext": "https://esm.d8d.fun/which@4.0.0?target=denonext",
    "https://esm.d8d.fun/ws@~8.17.1?target=denonext": "https://esm.d8d.fun/ws@8.17.1?target=denonext",
    "https://esm.d8d.fun/xmlhttprequest-ssl@~2.1.1?target=denonext": "https://esm.d8d.fun/xmlhttprequest-ssl@2.1.2?target=denonext"
  },
  "remote": {
    "https://deno.land/std@0.150.0/media_types/_util.ts": "ce9b4fc4ba1c447dafab619055e20fd88236ca6bdd7834a21f98bd193c3fbfa1",
    "https://deno.land/std@0.150.0/media_types/mod.ts": "2d4b6f32a087029272dc59e0a55ae3cc4d1b27b794ccf528e94b1925795b3118",
    "https://deno.land/std@0.150.0/media_types/vendor/mime-db.v1.52.0.ts": "724cee25fa40f1a52d3937d6b4fbbfdd7791ff55e1b7ac08d9319d5632c7f5af",
    "https://deno.land/x/xhr@0.3.0/mod.ts": "094aacd627fd9635cd942053bf8032b5223b909858fa9dc8ffa583752ff63b20",
    "https://esm.d8d.fun/@d8d-appcontainer/api@3.0.47": "6f44e26f9101c9c00c374a01defa883ae9db7c851ef2b8b130cb6c2d51a41b59",
    "https://esm.d8d.fun/@d8d-appcontainer/api@3.0.47/denonext/api.mjs": "778329c130f21a547d6726e8e13fa680a74faecd96e4d953acb481724f8db7be",
    "https://esm.d8d.fun/@d8d-appcontainer/auth@0.0.14": "4107b05a0631cc0440dce8b653ccf8e37010e67a7cb80263ac127e1a97c77dc3",
    "https://esm.d8d.fun/@d8d-appcontainer/auth@0.0.14/denonext/auth.mjs": "fafb3b08f1bfe7b0a5ecbd2856935288e8b564157d11e5157c7f217ac3f73b43",
    "https://esm.d8d.fun/@d8d-appcontainer/types@3.0.47/denonext/types.mjs": "44efd25cb0ad7942ad29d520b5f3296a908d7cefbe85382bcc45e3b3c6c9624c",
    "https://esm.d8d.fun/@deno/shim-deno-test@0.5.0/denonext/shim-deno-test.mjs": "21298ee12e8add3e8efe527aa1dd2a4fd029eb1876f5a59107bbe62b3969e282",
    "https://esm.d8d.fun/@deno/shim-deno-test@0.5.0?target=denonext": "503b73de1a14bd33782220e11fa2b33e9c87d574ac793e7addf1466c5436e66a",
    "https://esm.d8d.fun/@deno/shim-deno@0.18.2/denonext/shim-deno.mjs": "819d8ac34fdaf60658cf03d137f14adaff3f13a279ffd79cd8797d84a6ac46ab",
    "https://esm.d8d.fun/@deno/shim-deno@0.18.2?target=denonext": "ffa3ca347bb6b6530720158f307a2e31b16728fbb52e6432254a07d52fcbc404",
    "https://esm.d8d.fun/@socket.io/component-emitter@3.1.2/denonext/component-emitter.mjs": "3c6c5f2d64d4933b577a7117df1d8855c51ff01ab3dea8f42af1adcb1a5989e7",
    "https://esm.d8d.fun/@socket.io/component-emitter@3.1.2?target=denonext": "f6ff0f94ae3c9850a2c3a925cc2b236ec03a80fc2298d0ca48c2a90b10487db3",
    "https://esm.d8d.fun/asynckit@0.4.0/denonext/asynckit.mjs": "4ef3be6eb52c104699b90ca5524db55ec15bc76b361432f05c16b6106279ba72",
    "https://esm.d8d.fun/asynckit@0.4.0?target=denonext": "c6bd8832d6d16b648e22d124a16d33c3a7f7076e92be9444f2e4f6b27545708d",
    "https://esm.d8d.fun/axios@1.8.4/denonext/axios.mjs": "a0c3d648353c6a1b9864f1067ff9d366b91ccf2c8a413ec30a6b073dea05366b",
    "https://esm.d8d.fun/axios@1.8.4/denonext/lib/adapters/http.mjs": "1c7e3b34ddafb39f9b36111dc81ab83a4b1dfed316efc7c9971a534f0c161e7f",
    "https://esm.d8d.fun/axios@1.8.4/denonext/lib/adapters/xhr.mjs": "443f6f99410af813126a7b3b004a7fe4d3ce1eb51fb940b15a3fb0932773ff78",
    "https://esm.d8d.fun/axios@1.8.4/denonext/lib/cancel/CanceledError.mjs": "6432ce6e9d09faff4439c0c5dfa1d44a79cea9901eb5c1894c7c7497e791e0fd",
    "https://esm.d8d.fun/axios@1.8.4/denonext/lib/core/AxiosError.mjs": "2366d9c8250a030e6d82cf72db361d0df9a4311e785e2dd5dd34364c4690cbd3",
    "https://esm.d8d.fun/axios@1.8.4/denonext/lib/core/AxiosHeaders.mjs": "f05eb0c07bf1f6d418dad3a3e310070822e5d7059e07c9cc232f365813d1f58e",
    "https://esm.d8d.fun/axios@1.8.4/denonext/lib/core/mergeConfig.mjs": "271e93496a6e07b99694817bbcd619c4862b839f5c25538d736168697d09b846",
    "https://esm.d8d.fun/axios@1.8.4/denonext/lib/defaults/transitional.mjs": "cf97aea57cebc35857e915fa922468b267947fbd8c8ee6cecc3d9878d2429b4e",
    "https://esm.d8d.fun/axios@1.8.4/denonext/lib/env/data.mjs": "b7d5dde239c8a22e820d1e42b045a19d981681e0d7b3eebd3b05f8caf1523455",
    "https://esm.d8d.fun/axios@1.8.4/denonext/lib/helpers/bind.mjs": "6f9b25a0abdcbdee99eea549869d4357151d21d8a004174fe5c135f82fc61412",
    "https://esm.d8d.fun/axios@1.8.4/denonext/lib/helpers/parseProtocol.mjs": "3268a599f6fa29d6ce6b5e8ee2a61999351b5e414b42cc584c7ee80eae248802",
    "https://esm.d8d.fun/axios@1.8.4/denonext/lib/helpers/progressEventReducer.mjs": "308616bf82ad4621ed466b2355025d108d40daac8e95831b56018fbe96c2ac1a",
    "https://esm.d8d.fun/axios@1.8.4/denonext/lib/helpers/resolveConfig.mjs": "5e7d2668d1b6d93c6f860aba237e92c2b07b6f0dfedca3b9e304f1dd4578e224",
    "https://esm.d8d.fun/axios@1.8.4/denonext/lib/helpers/toFormData.mjs": "9f8a95c8edd57d5e0acb598c56bfac9efae1e5ed39d6c73f94cebc603222b74d",
    "https://esm.d8d.fun/axios@1.8.4/denonext/lib/platform/index.mjs": "8022c68893946f6714646f45cb87e5a8d58ac966e1d801a7abeb89f40adbb2fc",
    "https://esm.d8d.fun/axios@1.8.4/denonext/lib/platform/node/classes/FormData.mjs": "3af5a3b503dafe0b26a94454685a1a68da3b78540fa1ca65a85814022d725d14",
    "https://esm.d8d.fun/axios@1.8.4/denonext/unsafe/core/buildFullPath.mjs": "bd725f6f2e86698888721717727752302d0ae5153bf6216ba5eb6a716692fee2",
    "https://esm.d8d.fun/axios@1.8.4/denonext/unsafe/core/settle.mjs": "131ebbb5c8592f9505988f7cc8d33b3905a5ea06425db72723d0164be0e19f0c",
    "https://esm.d8d.fun/axios@1.8.4/denonext/unsafe/helpers/buildURL.mjs": "07eee5bbb02b63ca69bda19d9724480724b82fdc8a75a47c46a1f6dfe985f159",
    "https://esm.d8d.fun/axios@1.8.4/denonext/unsafe/helpers/combineURLs.mjs": "a2c79317fdc707709b83dc7d3166cab69c3f9dca5ad5c4612ff1e6b29912dee8",
    "https://esm.d8d.fun/axios@1.8.4/denonext/unsafe/helpers/isAbsoluteURL.mjs": "df75312b93206485ee501d2b51a5784b1cbf76527cb29803a7fadf1238898881",
    "https://esm.d8d.fun/axios@1.8.4/denonext/unsafe/utils.mjs": "ba8669ad91f8b94b0796e13f03605a620d7fe2d05419670cfa2f6793fd5707cf",
    "https://esm.d8d.fun/axios@1.8.4?target=denonext": "3652480f46bbae591b9617f4f039537675c72ed4d8b7b44019d7bfdf173102ae",
    "https://esm.d8d.fun/buffer-equal-constant-time@1.0.1/denonext/buffer-equal-constant-time.mjs": "c83a9e435334af6863aef9f50bd7d1a855e95055ba8af6dde63eaf674791f64b",
    "https://esm.d8d.fun/bufferutil@4.0.9/denonext/bufferutil.mjs": "13dca4d5bb2c68cbe119f880fa3bd785b9a81a8e02e0834dae604b4b85295cd8",
    "https://esm.d8d.fun/bufferutil@4.0.9?target=denonext": "e32574569ab438facfcc3f412c659b0719bbf05477136ca176938c9a3ac45125",
    "https://esm.d8d.fun/combined-stream@1.0.8/denonext/combined-stream.mjs": "364b91aa4c33e5f0b4075949d93a3407b21a8695031e7c2be29999d588f9ca2c",
    "https://esm.d8d.fun/combined-stream@1.0.8?target=denonext": "a0c89b8b29494e966774c7a708e33cc2df16a0bbe2279c841d088e169e7ab3c4",
    "https://esm.d8d.fun/dayjs@1.11.13": "89c34b8b3f7b970708114b4d264c9430c30eb0c2eab1419410c77ffefa18fe2c",
    "https://esm.d8d.fun/dayjs@1.11.13/denonext/dayjs.mjs": "a6d8258bec464149ab2c9ae26e4bd3736897828586b03f8fea45403080bf8a80",
    "https://esm.d8d.fun/dayjs@1.11.13/denonext/plugin/utc.mjs": "01c663b7318d6daa10a2377306a878808a535d6dc4056fa5b60a8d31c5d2254f",
    "https://esm.d8d.fun/dayjs@1.11.13/plugin/utc": "2e41a0673e6e7c7c962983f1680911ef6feb27ded6007bc7705787ac1b2637b7",
    "https://esm.d8d.fun/debug@4.4.0": "dc29873ca5518385fcbddb2b2fa0f3b31dc6463ba52bdd790818683b9dbdc6ad",
    "https://esm.d8d.fun/debug@4.4.0/denonext/debug.mjs": "3077d1ff15cfc5b7baee65b0c00b3200aef8ab51ddddfa960972957c347c1cee",
    "https://esm.d8d.fun/debug@4.4.0?target=denonext": "dc29873ca5518385fcbddb2b2fa0f3b31dc6463ba52bdd790818683b9dbdc6ad",
    "https://esm.d8d.fun/delayed-stream@1.0.0/denonext/delayed-stream.mjs": "051a3501b7b3d3c593b78a2c7305093a8e363c518cd156f1a77117185e312abe",
    "https://esm.d8d.fun/delayed-stream@1.0.0?target=denonext": "d363b81e01f4c886114df14aa660c1a938bbb4be851ff12132260bed0db6126e",
    "https://esm.d8d.fun/ecdsa-sig-formatter@1.0.11/denonext/ecdsa-sig-formatter.mjs": "08370379943e48e31cda373711fe5528f60b3d3d992fae7c0d520ef55607640e",
    "https://esm.d8d.fun/engine.io-client@6.6.3/denonext/engine.io-client.mjs": "d127a167771015e459e79fb0eb38ee99601ae96ae98924ee407dd77d0ee8be0a",
    "https://esm.d8d.fun/engine.io-client@6.6.3?target=denonext": "d97129d74541438ec8167b8232ff764b408b8bf4c065924c60823795fa3e038d",
    "https://esm.d8d.fun/engine.io-parser@5.2.3/denonext/engine.io-parser.mjs": "dfb40060c00806566e236f3112b950f43fa6b5e3a142f14ba2e83ad651f4a451",
    "https://esm.d8d.fun/engine.io-parser@5.2.3?target=denonext": "1dd633858ff4fd2affd2343c0f16f4d0727524919f53f0a5cf240baefd3c91fd",
    "https://esm.d8d.fun/follow-redirects@1.15.9/denonext/follow-redirects.mjs": "90866d22d80eface74d3161906835600fbb1d5c9ded05dc72fd55b40960cfce7",
    "https://esm.d8d.fun/follow-redirects@1.15.9?target=denonext": "c8028ec9d980a1974362377614a4978d1556ba85a75bc32526e8917bede535d1",
    "https://esm.d8d.fun/form-data@4.0.2/denonext/form-data.mjs": "ad3c492eef1c6153bcfa02eb3041894e8bc8e4aa241ad4d9bd53a385f36d2c6f",
    "https://esm.d8d.fun/form-data@4.0.2?target=denonext": "83cf111a2e6f0f7b6c045508635ceae449c5d43d8d22df23693e5b996cc65899",
    "https://esm.d8d.fun/hono@4.7.4": "174d520e05dd0a3a1405b1435ee8a8cfe08b16ea80a8363879a88b8a6ff14f69",
    "https://esm.d8d.fun/hono@4.7.4/cors": "7fae6007a9ce0f5e471d3e7a9244648df6060438c74d8da418bf0cea735e17c4",
    "https://esm.d8d.fun/hono@4.7.4/deno": "8aa4c5e0f121e7cf1f754b905a40b3369315951ca2d83897b076be8752e77c09",
    "https://esm.d8d.fun/hono@4.7.4/denonext/cors.mjs": "b7d3ae27185d20108a146cb6f6eb3dc2d3f1010a1d5516534609a370d1e14e7e",
    "https://esm.d8d.fun/hono@4.7.4/denonext/deno.mjs": "55170c10ac727e9b09384d9fc05dc9d1524e89e885cd5b8bb05b2b42906866bb",
    "https://esm.d8d.fun/hono@4.7.4/denonext/dist/client/utils.mjs": "e334a8ad22f831c6eda17c09ac4bc26bc8cfe16ce2d7bb7727a3519d500ec057",
    "https://esm.d8d.fun/hono@4.7.4/denonext/dist/compose.mjs": "1196166f399a52036503ee70ed098af79ea34e1268233970859b2ff355bcffd1",
    "https://esm.d8d.fun/hono@4.7.4/denonext/dist/context.mjs": "6eb4bfb07b2b129ec5df08ccb4ddeae28e39c91cc0a2dae5ce8e4151548d218f",
    "https://esm.d8d.fun/hono@4.7.4/denonext/dist/hono.mjs": "b2701b3ab66ab91d39b5d521109c4e0cb78d88a71cdbb094ff4a5b8832548e0c",
    "https://esm.d8d.fun/hono@4.7.4/denonext/dist/jsx/base.mjs": "33d27345ea175980efe2a0d4a7bf12e7c521fe9506ec081f165baf39c55a6311",
    "https://esm.d8d.fun/hono@4.7.4/denonext/dist/jsx/children.mjs": "8c8ec600c04c1c7d585af870bc417ee1415dec57a83c7cc5b19c7ed779977787",
    "https://esm.d8d.fun/hono@4.7.4/denonext/dist/jsx/components.mjs": "329a18bfd2823e3925aad171634839a500f88dc45cec74651046009d6ade9a89",
    "https://esm.d8d.fun/hono@4.7.4/denonext/dist/jsx/constants.mjs": "a5d4f0c5a118dae37998fe58a430354c89ee5eb9206dde0b8bb0f15d3d0a3822",
    "https://esm.d8d.fun/hono@4.7.4/denonext/dist/jsx/context.mjs": "ea0aeb1b21b339f96151e94418f2bf32fb5e50f320b9d8ab6273927d19e06105",
    "https://esm.d8d.fun/hono@4.7.4/denonext/dist/jsx/dom/components.mjs": "637aa2d623ae9f5ebc3109e507f8f27ef6c1ae7d4c9bbfb14ecfe8d8ce2151db",
    "https://esm.d8d.fun/hono@4.7.4/denonext/dist/jsx/dom/context.mjs": "191930e2b2129d28e9a53612d26bf6a99867370396c71d7ecb1caea3d7f7990c",
    "https://esm.d8d.fun/hono@4.7.4/denonext/dist/jsx/dom/hooks/index.mjs": "fbed9585c8f693edf92a18f2307ce7fafe36955d6899c52720d30b225d8e16a8",
    "https://esm.d8d.fun/hono@4.7.4/denonext/dist/jsx/dom/render.mjs": "44bd0364afe7b6b46df2a548e06b070777c61fc03252e7d2ae9424a50c9e21b6",
    "https://esm.d8d.fun/hono@4.7.4/denonext/dist/jsx/hooks/index.mjs": "145266fb802e8fda823514b085e9653c1d0fb07ce6f67a29adbd9d16438fef23",
    "https://esm.d8d.fun/hono@4.7.4/denonext/dist/jsx/intrinsic-element/common.mjs": "859e3739f0c2637d291a5aaf76f02ab0a5566a1fb693432f95f19235077849b3",
    "https://esm.d8d.fun/hono@4.7.4/denonext/dist/jsx/utils.mjs": "169e8732e31a70ed1eecf31a7a1cef6c3882ad32581493d2d7812e3e62caef50",
    "https://esm.d8d.fun/hono@4.7.4/denonext/dist/utils/body.mjs": "9459ea130b33427fd1f67d9dc96900528e6ab747b296836a524c01ad6f2eb806",
    "https://esm.d8d.fun/hono@4.7.4/denonext/dist/utils/compress.mjs": "c480cdfc4b4236868fda55aba9b012ac91b4bbf237d855da2d40a8b905ee965d",
    "https://esm.d8d.fun/hono@4.7.4/denonext/dist/utils/constants.mjs": "b68b3ccd4d516d19a31f1b56a4fb65529b033deb9c8ff34d4b2e44e6e259ef72",
    "https://esm.d8d.fun/hono@4.7.4/denonext/dist/utils/handler.mjs": "bded9286b7e46345840114eb8e2a8e627ee4fffda3044163fd78d1578b82f26c",
    "https://esm.d8d.fun/hono@4.7.4/denonext/dist/utils/html.mjs": "9949836effcbff234d47fed244e8fa2c3d0a00b89c55767a16c15b7b35e12006",
    "https://esm.d8d.fun/hono@4.7.4/denonext/dist/utils/mime.mjs": "0f1f71d357f5b2b15dbe026c4d65219a78d3dd922d799673aed798f1ff18e981",
    "https://esm.d8d.fun/hono@4.7.4/denonext/dist/utils/url.mjs": "aa55b9a667876655d972b7e086ff11c05ae9327ef29f174b87d2ce87791fa0fd",
    "https://esm.d8d.fun/hono@4.7.4/denonext/hono-base.mjs": "29af9473270ed537bced9d32bc38a858353fe2dba647c1e7ba63dfa98d33838f",
    "https://esm.d8d.fun/hono@4.7.4/denonext/hono.mjs": "4d667dd609e6792e5447ea24c718ea906617b8d150675895a04ee4ba7e5e1c52",
    "https://esm.d8d.fun/hono@4.7.4/denonext/html.mjs": "02391a2fc736bf5b27588e34948b63581526effc738be6d05721bb7ac334d51a",
    "https://esm.d8d.fun/hono@4.7.4/denonext/jsx.mjs": "7e884cd71ecba137dbeda14ba974dd7eecd870240816803883e2a7f6c06f4c2b",
    "https://esm.d8d.fun/hono@4.7.4/denonext/jsx/dom/jsx-dev-runtime.mjs": "a02348636d71685c20a9186e66e5f455bdb1999d2bc980e4a4f1bc83dcd7484f",
    "https://esm.d8d.fun/hono@4.7.4/denonext/jsx/dom/jsx-runtime.mjs": "32f78a1287f90a8afdf0c0d316af28e9b892401b19734bcabfd59f4e5fe9218c",
    "https://esm.d8d.fun/hono@4.7.4/denonext/jsx/jsx-dev-runtime.mjs": "9ce39e3bc5cd0188ed1ef8f4e71ab18560b29a3ea179cd647a404749a6bd0576",
    "https://esm.d8d.fun/hono@4.7.4/denonext/jsx/jsx-runtime.mjs": "e84ac4b5216e98c72733b1754acd23349be44a28c929f23ee121263fd11317d5",
    "https://esm.d8d.fun/hono@4.7.4/denonext/jsx/streaming.mjs": "a0745c3b7b37d44be9139b4879e7ccfcaaeb12ec10e7880a5c66829c0f59928e",
    "https://esm.d8d.fun/hono@4.7.4/denonext/request.mjs": "5e2499f74cad11ede4fd777c22479bfb2161c86e81435f20b205b9d3d02223b4",
    "https://esm.d8d.fun/hono@4.7.4/denonext/router.mjs": "51c7a9987e81971338d9e342a305a4c2ce231e7ab6d398aa6a0b74f46443f63b",
    "https://esm.d8d.fun/hono@4.7.4/denonext/router/reg-exp-router.mjs": "56a9c48e0ec3a264170db8de1c0342bec844ace172cab882223fcf809c0ce0f6",
    "https://esm.d8d.fun/hono@4.7.4/denonext/router/smart-router.mjs": "69dec2229dadfda412d6736719104ed3dceabe667ddff6804a028cb9650b990b",
    "https://esm.d8d.fun/hono@4.7.4/denonext/router/trie-router.mjs": "13d18e17ea528e9bfb85cec0221a2da76d9c18b9fe44db8caee98cb51b357234",
    "https://esm.d8d.fun/hono@4.7.4/denonext/serve-static.mjs": "0e233f7b5b78374defa5281a05469d326444a8c7894ac36c1ae99e5b1412619d",
    "https://esm.d8d.fun/hono@4.7.4/denonext/ssg.mjs": "c9e8cf200027b7c69c8a97d7bf96b64b09ca3b810198958c3f69a3dc18492730",
    "https://esm.d8d.fun/hono@4.7.4/denonext/ws.mjs": "896fdef949b92bb10c16ebb1b7977babc3c87d3db43e329a66fcd9a786f8c933",
    "https://esm.d8d.fun/hono@4.7.4/jsx": "8fb76b6158726b27e0e9be1db08b831967bd1bd8175d98f75652440254f2b0cf",
    "https://esm.d8d.fun/hono@4.7.4/jsx/jsx-runtime": "add6d23136559fd64a92cab007bc2afa9450ad1773e0cd8e8cfdbf0c97d339d3",
    "https://esm.d8d.fun/isexe@3.1.1/denonext/isexe.mjs": "59b58a950d33368749f8b2f0df8377ded09f5f30c276f79239a2542029e77a43",
    "https://esm.d8d.fun/isexe@3.1.1/denonext/posix.mjs": "f99f8d2aacd0b5424625cee480f36b47639cfbad44c64b7b21cbba18ad77a1b2",
    "https://esm.d8d.fun/isexe@3.1.1/denonext/win32.mjs": "f52981ee6555549c246db8e9e6c0ee1e2947a35367c3bcec0ba31834387991c0",
    "https://esm.d8d.fun/isexe@3.1.1?target=denonext": "b3c61e7e70b9d56865de461fbcdae702ebf93743143457079a15a60e30dfcf83",
    "https://esm.d8d.fun/jsonwebtoken@9.0.2/denonext/jsonwebtoken.mjs": "4365e66f5fa04a6903d106e17166fd93ddef582caf66f19d281dc066711c4f6e",
    "https://esm.d8d.fun/jsonwebtoken@9.0.2?target=denonext": "76a17587b04be9dfee91197bb0119b0be3a6a53ec05cc63d44292077bc03c0f7",
    "https://esm.d8d.fun/jwa@1.4.1/denonext/jwa.mjs": "fb2de82e653ed6ed5432adb25567772ea9044f241d209c569b23eee07ab50176",
    "https://esm.d8d.fun/jwa@1.4.1?target=denonext": "10b18f9707bf3a08b740be74a3bf349ad0e483cf3c5bfa305a023a8c5cb0056e",
    "https://esm.d8d.fun/jws@3.2.2/denonext/jws.mjs": "ed1560f6cd91af6f57bdf5132ffc6a126619d003c5d5e7680fb0b310dbf61ad8",
    "https://esm.d8d.fun/jws@3.2.2?target=denonext": "e5b49eed4c39c26f02dafda1f75776a1ed468df4b36f8eb0f5a36e036a7af0f2",
    "https://esm.d8d.fun/lodash.includes@4.3.0/denonext/lodash.includes.mjs": "7891d8e1db31f196dad13cfea5d8c9cd7b57e556e852bde44a32b9c95f52f769",
    "https://esm.d8d.fun/lodash.includes@4.3.0?target=denonext": "52552ec9e8b0ee8dff8bd6743edb4ff57c1c1dc31fe13061c1fd6b023e26c0dd",
    "https://esm.d8d.fun/lodash.isboolean@3.0.3/denonext/lodash.isboolean.mjs": "62346e63e84456d408ad9cdd38dc122ea4fecef67b7682c9ef311a9d9376ebb4",
    "https://esm.d8d.fun/lodash.isboolean@3.0.3?target=denonext": "df362bed13151ed14dc4fea8a56582f7d5165ab057225f20f7a19933bc030603",
    "https://esm.d8d.fun/lodash.isinteger@4.0.4/denonext/lodash.isinteger.mjs": "661e55e1960486dc985a2dd833c942f79874d2c3d82d89b62d92a7c2d4fb1976",
    "https://esm.d8d.fun/lodash.isinteger@4.0.4?target=denonext": "1355063df9b6e29a874a0f22874b86abcb7520182efcd5e543ded4209ff4485c",
    "https://esm.d8d.fun/lodash.isnumber@3.0.3/denonext/lodash.isnumber.mjs": "406375117efebf18a311f7b9a9cde5b961f2b96589c6e70e7805ae8f9b233186",
    "https://esm.d8d.fun/lodash.isnumber@3.0.3?target=denonext": "129cd84408b3f202f339cfbde411d7e3573414128574123b94375b330cfd02b4",
    "https://esm.d8d.fun/lodash.isplainobject@4.0.6/denonext/lodash.isplainobject.mjs": "52baba5dc85a16aa38f54fcbbbf47ffe8b3c9d84e788a5199a20eab9135dd35a",
    "https://esm.d8d.fun/lodash.isplainobject@4.0.6?target=denonext": "aaf731d53ff27671d17a5e700371eb7d073496e7c099a537c05dd1df6606a54e",
    "https://esm.d8d.fun/lodash.isstring@4.0.1/denonext/lodash.isstring.mjs": "27f803808b3f189fa994d1b3784e13b2978976bf17c06050ee311e7f54b0db32",
    "https://esm.d8d.fun/lodash.isstring@4.0.1?target=denonext": "dc33fab7958cad340a76cc58bd2f30ad22ee63b00eac0bc2d9a4110049cdfddc",
    "https://esm.d8d.fun/lodash.once@4.1.1/denonext/lodash.once.mjs": "d98a09cbf4f8520f256be230ba50e9cae609b73bc8ffd2f6bf388099ea2f50b1",
    "https://esm.d8d.fun/lodash.once@4.1.1?target=denonext": "46682cfe5d75f572d14c6a3c4c5da23d597d80d0552fea124b72a2359bb4b37d",
    "https://esm.d8d.fun/mime-db@1.52.0/denonext/mime-db.mjs": "f93feb3d7150014b71bd0d06c5bd819db56a089b31b8b79a3b0466bb37ef005e",
    "https://esm.d8d.fun/mime-types@2.1.35/denonext/mime-types.mjs": "704bdb318816fe1360c90a196f7cb3ba6e25fe207707cc2df873f890ad2e5f44",
    "https://esm.d8d.fun/mime-types@2.1.35?target=denonext": "e4cc9a1aabecc1be22d194375ec3b99cc9d51700cc4629ab689975451c0a8ce5",
    "https://esm.d8d.fun/ms@2.1.3/denonext/ms.mjs": "9039464da1f4ae1c2042742d335c82556c048bbe49449b5d0cd5198193afa147",
    "https://esm.d8d.fun/ms@2.1.3?target=denonext": "36f5aa7503ff0ff44ce9e3155a60362d8d3ae5db8db048be5764a3a515b6a263",
    "https://esm.d8d.fun/nanoid@5.1.5/denonext/nanoid.mjs": "dc919f2d7339a244f732a0cf02e3962dd1289535668026f52fb26bd593e9358b",
    "https://esm.d8d.fun/nanoid@5.1.5?target=denonext": "33ad5b17f1290cb850164cfcf30f642d9dad489ba19909bc3cfd9eb78369f451",
    "https://esm.d8d.fun/node-gyp-build@4.8.4/denonext/node-gyp-build.mjs": "9a86f2d044fc77bd60aaa3d697c2ba1b818da5fb1b9aaeedec59a40b8e908803",
    "https://esm.d8d.fun/node-gyp-build@4.8.4?target=denonext": "261a6cedf1fdbf159798141ba1e2311ac1510682c5c8b55dacc8cf5fdee4aa06",
    "https://esm.d8d.fun/proxy-from-env@1.1.0/denonext/proxy-from-env.mjs": "f60f9c79fc3baa07c13c800798d645ae70d1b2059b8d593dcd4f8c5710b50333",
    "https://esm.d8d.fun/proxy-from-env@1.1.0?target=denonext": "bf02a050a1a6aa56ddba25dbea2c355da294630e5c5520fddea4b2f30a9292bc",
    "https://esm.d8d.fun/safe-buffer@5.2.1/denonext/safe-buffer.mjs": "51b088d69d0bbf6d7ce4179853887e105715df40e432a3bff0e9575cc2285276",
    "https://esm.d8d.fun/safe-buffer@5.2.1?target=denonext": "34028b9647c849fa96dfd3d9f217a3adca8b43b13409820ac3f43fb15eba3e20",
    "https://esm.d8d.fun/semver@7.7.1/denonext/semver.mjs": "f1d8c45a097d5f2da9662be5ff2087f1e4af9ebeb9b0c2eeeb0c90d74fa7a14c",
    "https://esm.d8d.fun/semver@7.7.1?target=denonext": "7d6e1f9de61981f17d0e5153d48b77475e3433225ce9265ad77206afe216c5c8",
    "https://esm.d8d.fun/socket.io-client@4.8.1/denonext/socket.io-client.mjs": "b902dafad93171849d6d6e9e98bfa5357513089e43b0fbf9268d394f0839f372",
    "https://esm.d8d.fun/socket.io-client@4.8.1?target=denonext": "f5543108c5018ca5904af75985dc9ff7b7210334782408cf87bdf091ce1fbf2e",
    "https://esm.d8d.fun/socket.io-parser@4.2.4/denonext/socket.io-parser.mjs": "a989568a92fa45870a4ae74fb731c5e554ef6c901b97f154d8c84267f7d5aaba",
    "https://esm.d8d.fun/socket.io-parser@4.2.4?target=denonext": "95bc48ccd83940940fb68cf3401280667a8bad2b6abc8a4c7bb5c39ec59aff16",
    "https://esm.d8d.fun/supports-color@10.0.0/denonext/supports-color.mjs": "239cd39d0828e1a018dee102748da869b1b75c38fe6a9c0c8f0bd4ffbd3e1ea1",
    "https://esm.d8d.fun/supports-color@10.0.0?target=denonext": "4895255248e4ba0cbcce9437003dccf3658b1ac1d1e8eba5225fb8194c454ee1",
    "https://esm.d8d.fun/utf-8-validate@6.0.5/denonext/utf-8-validate.mjs": "90c0c88a13bc4749b497361480d618bf4809153f5d5ba694fac79ae9dbf634a9",
    "https://esm.d8d.fun/utf-8-validate@6.0.5?target=denonext": "071bc33ba1a58297e23a34d69dd589fd06df04b0f373b382ff5da544a623f271",
    "https://esm.d8d.fun/which@4.0.0/denonext/which.mjs": "9f47207c6dc9684fe3d852f2290c474577babaeabf60616652630c0b90421a53",
    "https://esm.d8d.fun/which@4.0.0?target=denonext": "50b06c1a68e3ef88dc8e2c68c17b732a6d1917000d5d59637496da3b61549c8e",
    "https://esm.d8d.fun/ws@8.17.1/denonext/ws.mjs": "7b349f9bcf5af35a422b01ece5189ac693f84f07cc2e9be12023ec818a18ba71",
    "https://esm.d8d.fun/ws@8.17.1?target=denonext": "3c5e4dca1be73c0e7776cb033809d16c2421b785cd1b93827b76a43c5b59a0bd",
    "https://esm.d8d.fun/xmlhttprequest-ssl@2.1.2/denonext/xmlhttprequest-ssl.mjs": "5cb537aeb44e2971f9d84c4e22e0d24ea0554eb6c33a5d10a46cf163debf60ec",
    "https://esm.d8d.fun/xmlhttprequest-ssl@2.1.2?target=denonext": "5a4574293c501f0f0da3ddd653bd5d9ac00ea59647e3b20694cc05ed02e7a22f"
  }
}
