{
  "version": "4",
  "specifiers": {
    "npm:@types/node@*": "22.12.0"
  },
  "npm": {
    "@types/node@22.12.0": {
      "integrity": "sha512-Fll2FZ1riMjNmlmJOdAyY5pUbkftXslB5DgEzlIuNaiWhXd00FhWxVC/r4yV/4wBb9JfImTu+jiSvXTkJ7F/gA==",
      "dependencies": [
        "undici-types"
      ]
    },
    "undici-types@6.20.0": {
      "integrity": "sha512-Ny6QZ2Nju20vw1SRHe3d9jVu6gJ+4e3+MMpqu7pqE5HT6WsTSlce++GQmK5UXS8mzV8DSYHrQH+Xrf2jVcuKNg=="
    }
  },
  "redirects": {
    "https://esm.d8d.fun/@deno/shim-deno-test@^0.5.0?target=denonext": "https://esm.d8d.fun/@deno/shim-deno-test@0.5.0?target=denonext",
    "https://esm.d8d.fun/@deno/shim-deno@~0.18.0?target=denonext": "https://esm.d8d.fun/@deno/shim-deno@0.18.2?target=denonext",
    "https://esm.d8d.fun/@socket.io/component-emitter@~3.1.0?target=denonext": "https://esm.d8d.fun/@socket.io/component-emitter@3.1.2?target=denonext",
    "https://esm.d8d.fun/@types/combined-stream@~1.0.6/index.d.ts": "https://esm.d8d.fun/@types/combined-stream@1.0.6/index.d.ts",
    "https://esm.d8d.fun/@types/debug@~4.1.12/index.d.ts": "https://esm.d8d.fun/@types/debug@4.1.12/index.d.ts",
    "https://esm.d8d.fun/@types/follow-redirects@~1.14.4/index.d.ts": "https://esm.d8d.fun/@types/follow-redirects@1.14.4/index.d.ts",
    "https://esm.d8d.fun/@types/mime-types@~2.1.4/index.d.ts": "https://esm.d8d.fun/@types/mime-types@2.1.4/index.d.ts",
    "https://esm.d8d.fun/@types/ms@~2.1.0/index.d.ts": "https://esm.d8d.fun/@types/ms@2.1.0/index.d.ts",
    "https://esm.d8d.fun/@types/proxy-from-env@~1.0.4/index.d.ts": "https://esm.d8d.fun/@types/proxy-from-env@1.0.4/index.d.ts",
    "https://esm.d8d.fun/@types/react-dom@~19.0.4/X-ZHJlYWN0QDE5LjAuMA/index.d.ts": "https://esm.d8d.fun/@types/react-dom@19.0.6/X-ZHJlYWN0QDE5LjAuMA/index.d.ts",
    "https://esm.d8d.fun/@types/react-dom@~19.0.4/client.d.ts": "https://esm.d8d.fun/@types/react-dom@19.0.6/client.d.ts",
    "https://esm.d8d.fun/@types/react-dom@~19.0.6/X-ZHJlYWN0QDE5LjAuMA/client.d.ts": "https://esm.d8d.fun/@types/react-dom@19.0.6/X-ZHJlYWN0QDE5LjAuMA/client.d.ts",
    "https://esm.d8d.fun/@types/react@~19.0.12/index.d.ts": "https://esm.d8d.fun/@types/react@19.0.14/index.d.ts",
    "https://esm.d8d.fun/@types/react@~19.0.12/jsx-runtime.d.ts": "https://esm.d8d.fun/@types/react@19.0.14/jsx-runtime.d.ts",
    "https://esm.d8d.fun/@types/react@~19.0.14/X-ZHJlYWN0LWRvbUAxOS4wLjA/index.d.ts": "https://esm.d8d.fun/@types/react@19.0.14/X-ZHJlYWN0LWRvbUAxOS4wLjA/index.d.ts",
    "https://esm.d8d.fun/@types/react@~19.0.14/index.d.ts": "https://esm.d8d.fun/@types/react@19.0.14/index.d.ts",
    "https://esm.d8d.fun/@types/scheduler@~0.23.0/index.d.ts": "https://esm.d8d.fun/@types/scheduler@0.23.0/index.d.ts",
    "https://esm.d8d.fun/@types/set-cookie-parser@~2.4.10/index.d.ts": "https://esm.d8d.fun/@types/set-cookie-parser@2.4.10/index.d.ts",
    "https://esm.d8d.fun/@types/ws@~8.18.0/index.d.mts": "https://esm.d8d.fun/@types/ws@8.18.1/index.d.mts",
    "https://esm.d8d.fun/asynckit@^0.4.0?target=denonext": "https://esm.d8d.fun/asynckit@0.4.0?target=denonext",
    "https://esm.d8d.fun/axios@^1.7.2?target=denonext": "https://esm.d8d.fun/axios@1.8.4?target=denonext",
    "https://esm.d8d.fun/bufferutil@^4.0.1?target=denonext": "https://esm.d8d.fun/bufferutil@4.0.9?target=denonext",
    "https://esm.d8d.fun/combined-stream@^1.0.8?target=denonext": "https://esm.d8d.fun/combined-stream@1.0.8?target=denonext",
    "https://esm.d8d.fun/cookie@^1.0.1?target=denonext": "https://esm.d8d.fun/cookie@1.0.2?target=denonext",
    "https://esm.d8d.fun/debug?target=denonext": "https://esm.d8d.fun/debug@4.4.0?target=denonext",
    "https://esm.d8d.fun/delayed-stream@~1.0.0?target=denonext": "https://esm.d8d.fun/delayed-stream@1.0.0?target=denonext",
    "https://esm.d8d.fun/engine.io-client@~6.6.1?target=denonext": "https://esm.d8d.fun/engine.io-client@6.6.3?target=denonext",
    "https://esm.d8d.fun/engine.io-parser@~5.2.1?target=denonext": "https://esm.d8d.fun/engine.io-parser@5.2.3?target=denonext",
    "https://esm.d8d.fun/follow-redirects@^1.15.4?target=denonext": "https://esm.d8d.fun/follow-redirects@1.15.9?target=denonext",
    "https://esm.d8d.fun/follow-redirects@^1.15.6?target=denonext": "https://esm.d8d.fun/follow-redirects@1.15.9?target=denonext",
    "https://esm.d8d.fun/form-data@^4.0.0?target=denonext": "https://esm.d8d.fun/form-data@4.0.2?target=denonext",
    "https://esm.d8d.fun/isexe@^3.1.1?target=denonext": "https://esm.d8d.fun/isexe@3.1.1?target=denonext",
    "https://esm.d8d.fun/mime-types@^2.1.12?target=denonext": "https://esm.d8d.fun/mime-types@2.1.35?target=denonext",
    "https://esm.d8d.fun/ms@^2.1.3?target=denonext": "https://esm.d8d.fun/ms@2.1.3?target=denonext",
    "https://esm.d8d.fun/nanoid@^5.1.2?target=denonext": "https://esm.d8d.fun/nanoid@5.1.5?target=denonext",
    "https://esm.d8d.fun/node-gyp-build@^4.3.0?target=denonext": "https://esm.d8d.fun/node-gyp-build@4.8.4?target=denonext",
    "https://esm.d8d.fun/proxy-from-env@^1.1.0?target=denonext": "https://esm.d8d.fun/proxy-from-env@1.1.0?target=denonext",
    "https://esm.d8d.fun/scheduler@^0.25.0?target=denonext": "https://esm.d8d.fun/scheduler@0.25.0?target=denonext",
    "https://esm.d8d.fun/set-cookie-parser@^2.6.0?target=denonext": "https://esm.d8d.fun/set-cookie-parser@2.7.1?target=denonext",
    "https://esm.d8d.fun/socket.io-client@^4.7.2?target=denonext": "https://esm.d8d.fun/socket.io-client@4.8.1?target=denonext",
    "https://esm.d8d.fun/socket.io-parser@~4.2.4?target=denonext": "https://esm.d8d.fun/socket.io-parser@4.2.4?target=denonext",
    "https://esm.d8d.fun/supports-color?target=denonext": "https://esm.d8d.fun/supports-color@10.0.0?target=denonext",
    "https://esm.d8d.fun/utf-8-validate@%3E=5.0.2?target=denonext": "https://esm.d8d.fun/utf-8-validate@6.0.5?target=denonext",
    "https://esm.d8d.fun/which@^4.0.0?target=denonext": "https://esm.d8d.fun/which@4.0.0?target=denonext",
    "https://esm.d8d.fun/ws@~8.17.1?target=denonext": "https://esm.d8d.fun/ws@8.17.1?target=denonext",
    "https://esm.d8d.fun/xmlhttprequest-ssl@~2.1.1?target=denonext": "https://esm.d8d.fun/xmlhttprequest-ssl@2.1.2?target=denonext"
  },
  "remote": {
    "https://deno.land/std@0.150.0/media_types/_util.ts": "ce9b4fc4ba1c447dafab619055e20fd88236ca6bdd7834a21f98bd193c3fbfa1",
    "https://deno.land/std@0.150.0/media_types/mod.ts": "2d4b6f32a087029272dc59e0a55ae3cc4d1b27b794ccf528e94b1925795b3118",
    "https://deno.land/std@0.150.0/media_types/vendor/mime-db.v1.52.0.ts": "724cee25fa40f1a52d3937d6b4fbbfdd7791ff55e1b7ac08d9319d5632c7f5af",
    "https://deno.land/x/xhr@0.3.0/mod.ts": "094aacd627fd9635cd942053bf8032b5223b909858fa9dc8ffa583752ff63b20",
    "https://esm.d8d.fun/@d8d-appcontainer/api@3.0.47": "6f44e26f9101c9c00c374a01defa883ae9db7c851ef2b8b130cb6c2d51a41b59",
    "https://esm.d8d.fun/@d8d-appcontainer/api@3.0.47/denonext/api.mjs": "778329c130f21a547d6726e8e13fa680a74faecd96e4d953acb481724f8db7be",
    "https://esm.d8d.fun/@d8d-appcontainer/types@3.0.47": "69a9caa934400649c91ff4d12f89328d53fe98183829e40b5ae34605cf82e962",
    "https://esm.d8d.fun/@d8d-appcontainer/types@3.0.47/denonext/types.mjs": "44efd25cb0ad7942ad29d520b5f3296a908d7cefbe85382bcc45e3b3c6c9624c",
    "https://esm.d8d.fun/@deno/shim-deno-test@0.5.0/denonext/shim-deno-test.mjs": "21298ee12e8add3e8efe527aa1dd2a4fd029eb1876f5a59107bbe62b3969e282",
    "https://esm.d8d.fun/@deno/shim-deno-test@0.5.0?target=denonext": "503b73de1a14bd33782220e11fa2b33e9c87d574ac793e7addf1466c5436e66a",
    "https://esm.d8d.fun/@deno/shim-deno@0.18.2/denonext/shim-deno.mjs": "819d8ac34fdaf60658cf03d137f14adaff3f13a279ffd79cd8797d84a6ac46ab",
    "https://esm.d8d.fun/@deno/shim-deno@0.18.2?target=denonext": "ffa3ca347bb6b6530720158f307a2e31b16728fbb52e6432254a07d52fcbc404",
    "https://esm.d8d.fun/@heroicons/react@2.1.1/24/outline?deps=react@19.0.0": "d2c14cfd7f3090062c9f968f25d0ddbb277ca76055af1ac3fd22045276571a75",
    "https://esm.d8d.fun/@heroicons/react@2.1.1/24/outline?deps=react@19.0.0,react-dom@19.0.0": "5e99f4d40ce60c55b5cf421c3cf3f13df1707cf53152e447b2332570412cd77a",
    "https://esm.d8d.fun/@heroicons/react@2.1.1/24/solid?deps=react@19.0.0": "546051c9fdfdca5c7d51cd4cf588fe709da509274c5fcf203d616a5e87bdd595",
    "https://esm.d8d.fun/@heroicons/react@2.1.1/X-ZHJlYWN0LWRvbUAxOS4wLjAscmVhY3RAMTkuMC4w/denonext/24/outline.mjs": "640f934a0c987f682032049e5d4a455567db676de47bca0d44e76b72023661f7",
    "https://esm.d8d.fun/@heroicons/react@2.1.1/X-ZHJlYWN0QDE5LjAuMA/denonext/24/outline.mjs": "640f934a0c987f682032049e5d4a455567db676de47bca0d44e76b72023661f7",
    "https://esm.d8d.fun/@heroicons/react@2.1.1/X-ZHJlYWN0QDE5LjAuMA/denonext/24/solid.mjs": "dcbd0c377d92857b6eb23c7dbb2ee6e650b12aa6ae1ef7fcc10dc1964df8ba47",
    "https://esm.d8d.fun/@socket.io/component-emitter@3.1.2/denonext/component-emitter.mjs": "3c6c5f2d64d4933b577a7117df1d8855c51ff01ab3dea8f42af1adcb1a5989e7",
    "https://esm.d8d.fun/@socket.io/component-emitter@3.1.2?target=denonext": "f6ff0f94ae3c9850a2c3a925cc2b236ec03a80fc2298d0ca48c2a90b10487db3",
    "https://esm.d8d.fun/@tanstack/query-core@5.67.1/denonext/query-core.mjs": "3001acc66d3efeab4900278cf630cb56ba23ac70cd77f7e0c413abb8a1f223f3",
    "https://esm.d8d.fun/@tanstack/react-query@5.67.1/X-ZHJlYWN0LWRvbUAxOS4wLjAscmVhY3RAMTkuMC4w/denonext/react-query.mjs": "348ce86a855f9a6b3de66776043ec9253cbb3508a6a29ed0a820d4808e813846",
    "https://esm.d8d.fun/@tanstack/react-query@5.67.1?deps=react@19.0.0,react-dom@19.0.0": "cb1fa6dc8e8c85d9676444c6b747a67b7bf03ce5ebf2417db33f00c720334477",
    "https://esm.d8d.fun/asynckit@0.4.0/denonext/asynckit.mjs": "4ef3be6eb52c104699b90ca5524db55ec15bc76b361432f05c16b6106279ba72",
    "https://esm.d8d.fun/asynckit@0.4.0?target=denonext": "c6bd8832d6d16b648e22d124a16d33c3a7f7076e92be9444f2e4f6b27545708d",
    "https://esm.d8d.fun/axios@1.6.7": "e5149eb418a70d571f8e797598b549e1cedd005a363cdcc84d42f9def08c5783",
    "https://esm.d8d.fun/axios@1.6.7/denonext/axios.mjs": "e8cf060a8e4f5e013c9f48f84452bea0d0b84bfbaacf0fa5e852663deb0507de",
    "https://esm.d8d.fun/axios@1.6.7/denonext/lib/adapters/http.mjs": "b60499ab0b68cbe29430d3e2d025126c7ef2d097f9ca3baec10d9977287fcfd2",
    "https://esm.d8d.fun/axios@1.6.7/denonext/lib/adapters/xhr.mjs": "c2fdeb443321e3f7ff10a6d014ff91428d911fc93b040cca18113d8b21ec79a9",
    "https://esm.d8d.fun/axios@1.6.7/denonext/lib/cancel/CanceledError.mjs": "f609e03a8e3c9943b11191042d07045f27daf440ea1c40ddd10f01f43eca22a3",
    "https://esm.d8d.fun/axios@1.6.7/denonext/lib/core/AxiosError.mjs": "1b73665d9191e09c6d6c00b7e97bc0c5f5b952089dbb02b0eb469ea13fec343c",
    "https://esm.d8d.fun/axios@1.6.7/denonext/lib/core/AxiosHeaders.mjs": "6563b9fa0a10b08284bb4f78749a42e0e4eb782d88d32199118f07e9a253a336",
    "https://esm.d8d.fun/axios@1.6.7/denonext/lib/defaults/transitional.mjs": "72337dfd43ff7f4a36e23936e3010aeed36e80cff057ab5797aa82ddb8a08a2f",
    "https://esm.d8d.fun/axios@1.6.7/denonext/lib/env/data.mjs": "cbde6d157ecfdb6b40228ff6f46ca07936999bb2116692ce5d75bcfe5d6cc9d1",
    "https://esm.d8d.fun/axios@1.6.7/denonext/lib/helpers/bind.mjs": "69a334c6e78c9a5f9946dcd345233c1002492e8637ef6fcac068a7cf2526d9bd",
    "https://esm.d8d.fun/axios@1.6.7/denonext/lib/helpers/parseProtocol.mjs": "aaf37311e4abe153632fde46b7c182d7c15d4180d1790eeb98b6bbd07f838e7d",
    "https://esm.d8d.fun/axios@1.6.7/denonext/lib/helpers/speedometer.mjs": "a092a9de2fd09d9478e99796e7b7aa55fe04c64c00308a81cecea8025c3f5931",
    "https://esm.d8d.fun/axios@1.6.7/denonext/lib/helpers/toFormData.mjs": "8a6a6f82c17bf99a8dd1c103200130e59b262cc73fccb12c03a6ba06114fa39c",
    "https://esm.d8d.fun/axios@1.6.7/denonext/lib/platform/index.mjs": "00a2e40072ae3f9c80e55ee25550e2ea3dac0090d587deb30470866f5da8bc95",
    "https://esm.d8d.fun/axios@1.6.7/denonext/lib/platform/node/classes/FormData.mjs": "487b618cda50efff139a27d1827c7e1c74c65c25effad595f3096937f0a30c75",
    "https://esm.d8d.fun/axios@1.6.7/denonext/unsafe/core/buildFullPath.mjs": "9fdbec793d33395ceb5998ceb1fa535cef4a16ce6b6f5376cf28ca44f616560f",
    "https://esm.d8d.fun/axios@1.6.7/denonext/unsafe/core/settle.mjs": "052c964ff73560c0a87f70f39a667844806d29c46a1a76599eb6b5f373d6a2ad",
    "https://esm.d8d.fun/axios@1.6.7/denonext/unsafe/helpers/buildURL.mjs": "2645500aad583370f911a2ad7689752928a02e20f933d30dd4d2d0b01af8af06",
    "https://esm.d8d.fun/axios@1.6.7/denonext/unsafe/helpers/combineURLs.mjs": "e84bb680c0f290f0e1c79f72cf373cdfd95ff6ca035782f6c9a60d2745e461c0",
    "https://esm.d8d.fun/axios@1.6.7/denonext/unsafe/helpers/isAbsoluteURL.mjs": "c71f1078deac72a44e249a65f5a9e952a36423f5b07b885452a7924c7a1422b7",
    "https://esm.d8d.fun/axios@1.6.7/denonext/unsafe/utils.mjs": "c1c6c765f86322cda04a46f869a112c48027cfdf4152ee1abe2f4278beabc306",
    "https://esm.d8d.fun/axios@1.8.4/denonext/axios.mjs": "a0c3d648353c6a1b9864f1067ff9d366b91ccf2c8a413ec30a6b073dea05366b",
    "https://esm.d8d.fun/axios@1.8.4/denonext/lib/adapters/http.mjs": "1c7e3b34ddafb39f9b36111dc81ab83a4b1dfed316efc7c9971a534f0c161e7f",
    "https://esm.d8d.fun/axios@1.8.4/denonext/lib/adapters/xhr.mjs": "443f6f99410af813126a7b3b004a7fe4d3ce1eb51fb940b15a3fb0932773ff78",
    "https://esm.d8d.fun/axios@1.8.4/denonext/lib/cancel/CanceledError.mjs": "6432ce6e9d09faff4439c0c5dfa1d44a79cea9901eb5c1894c7c7497e791e0fd",
    "https://esm.d8d.fun/axios@1.8.4/denonext/lib/core/AxiosError.mjs": "2366d9c8250a030e6d82cf72db361d0df9a4311e785e2dd5dd34364c4690cbd3",
    "https://esm.d8d.fun/axios@1.8.4/denonext/lib/core/AxiosHeaders.mjs": "f05eb0c07bf1f6d418dad3a3e310070822e5d7059e07c9cc232f365813d1f58e",
    "https://esm.d8d.fun/axios@1.8.4/denonext/lib/core/mergeConfig.mjs": "271e93496a6e07b99694817bbcd619c4862b839f5c25538d736168697d09b846",
    "https://esm.d8d.fun/axios@1.8.4/denonext/lib/defaults/transitional.mjs": "cf97aea57cebc35857e915fa922468b267947fbd8c8ee6cecc3d9878d2429b4e",
    "https://esm.d8d.fun/axios@1.8.4/denonext/lib/env/data.mjs": "b7d5dde239c8a22e820d1e42b045a19d981681e0d7b3eebd3b05f8caf1523455",
    "https://esm.d8d.fun/axios@1.8.4/denonext/lib/helpers/bind.mjs": "6f9b25a0abdcbdee99eea549869d4357151d21d8a004174fe5c135f82fc61412",
    "https://esm.d8d.fun/axios@1.8.4/denonext/lib/helpers/parseProtocol.mjs": "3268a599f6fa29d6ce6b5e8ee2a61999351b5e414b42cc584c7ee80eae248802",
    "https://esm.d8d.fun/axios@1.8.4/denonext/lib/helpers/progressEventReducer.mjs": "308616bf82ad4621ed466b2355025d108d40daac8e95831b56018fbe96c2ac1a",
    "https://esm.d8d.fun/axios@1.8.4/denonext/lib/helpers/resolveConfig.mjs": "5e7d2668d1b6d93c6f860aba237e92c2b07b6f0dfedca3b9e304f1dd4578e224",
    "https://esm.d8d.fun/axios@1.8.4/denonext/lib/helpers/toFormData.mjs": "9f8a95c8edd57d5e0acb598c56bfac9efae1e5ed39d6c73f94cebc603222b74d",
    "https://esm.d8d.fun/axios@1.8.4/denonext/lib/platform/index.mjs": "8022c68893946f6714646f45cb87e5a8d58ac966e1d801a7abeb89f40adbb2fc",
    "https://esm.d8d.fun/axios@1.8.4/denonext/lib/platform/node/classes/FormData.mjs": "3af5a3b503dafe0b26a94454685a1a68da3b78540fa1ca65a85814022d725d14",
    "https://esm.d8d.fun/axios@1.8.4/denonext/unsafe/core/buildFullPath.mjs": "bd725f6f2e86698888721717727752302d0ae5153bf6216ba5eb6a716692fee2",
    "https://esm.d8d.fun/axios@1.8.4/denonext/unsafe/core/settle.mjs": "131ebbb5c8592f9505988f7cc8d33b3905a5ea06425db72723d0164be0e19f0c",
    "https://esm.d8d.fun/axios@1.8.4/denonext/unsafe/helpers/buildURL.mjs": "07eee5bbb02b63ca69bda19d9724480724b82fdc8a75a47c46a1f6dfe985f159",
    "https://esm.d8d.fun/axios@1.8.4/denonext/unsafe/helpers/combineURLs.mjs": "a2c79317fdc707709b83dc7d3166cab69c3f9dca5ad5c4612ff1e6b29912dee8",
    "https://esm.d8d.fun/axios@1.8.4/denonext/unsafe/helpers/isAbsoluteURL.mjs": "df75312b93206485ee501d2b51a5784b1cbf76527cb29803a7fadf1238898881",
    "https://esm.d8d.fun/axios@1.8.4/denonext/unsafe/utils.mjs": "ba8669ad91f8b94b0796e13f03605a620d7fe2d05419670cfa2f6793fd5707cf",
    "https://esm.d8d.fun/axios@1.8.4?target=denonext": "3652480f46bbae591b9617f4f039537675c72ed4d8b7b44019d7bfdf173102ae",
    "https://esm.d8d.fun/bufferutil@4.0.9/denonext/bufferutil.mjs": "13dca4d5bb2c68cbe119f880fa3bd785b9a81a8e02e0834dae604b4b85295cd8",
    "https://esm.d8d.fun/bufferutil@4.0.9?target=denonext": "e32574569ab438facfcc3f412c659b0719bbf05477136ca176938c9a3ac45125",
    "https://esm.d8d.fun/combined-stream@1.0.8/denonext/combined-stream.mjs": "364b91aa4c33e5f0b4075949d93a3407b21a8695031e7c2be29999d588f9ca2c",
    "https://esm.d8d.fun/combined-stream@1.0.8?target=denonext": "a0c89b8b29494e966774c7a708e33cc2df16a0bbe2279c841d088e169e7ab3c4",
    "https://esm.d8d.fun/cookie@1.0.2/denonext/cookie.mjs": "6c4f976d4d933ff2d7afc1f6ee7af134108c9858f5a2aadc6189084bd5972275",
    "https://esm.d8d.fun/cookie@1.0.2?target=denonext": "04dabbcad7a7a96d841d6b21f00cb20191fb29339781237088d8edabad52df66",
    "https://esm.d8d.fun/dayjs@1.11.13": "89c34b8b3f7b970708114b4d264c9430c30eb0c2eab1419410c77ffefa18fe2c",
    "https://esm.d8d.fun/dayjs@1.11.13/denonext/dayjs.mjs": "a6d8258bec464149ab2c9ae26e4bd3736897828586b03f8fea45403080bf8a80",
    "https://esm.d8d.fun/dayjs@1.11.13/denonext/locale/zh-cn.mjs": "6abdbc636540021cc0a7a01ecd3db2abb114aa9d68479e26e739f5e1fa686389",
    "https://esm.d8d.fun/dayjs@1.11.13/denonext/plugin/localeData.mjs": "50da72eeac69ca12fc277fae9405a58f711a4b24b6de60377112c96d1cb3610a",
    "https://esm.d8d.fun/dayjs@1.11.13/denonext/plugin/weekday.mjs": "263a7dbfb1b0aa98ae51cc09d2cc5fcddec453fc329c6e1b8decd9143cca5a41",
    "https://esm.d8d.fun/dayjs@1.11.13/locale/zh-cn": "eef17bda14d105b6c5919f98fb4be665486340b26733e5b5f94c20157c565fc6",
    "https://esm.d8d.fun/dayjs@1.11.13/plugin/localeData": "174642f963526c115142279d5b1552b694f67adb9433f6dfe0ca009f5422f340",
    "https://esm.d8d.fun/dayjs@1.11.13/plugin/weekday": "274e276260fc791f3fd48ae38811db328db86aaa403dbb8d802149870fa5b156",
    "https://esm.d8d.fun/debug@4.4.0/denonext/debug.mjs": "3077d1ff15cfc5b7baee65b0c00b3200aef8ab51ddddfa960972957c347c1cee",
    "https://esm.d8d.fun/debug@4.4.0?target=denonext": "dc29873ca5518385fcbddb2b2fa0f3b31dc6463ba52bdd790818683b9dbdc6ad",
    "https://esm.d8d.fun/delayed-stream@1.0.0/denonext/delayed-stream.mjs": "051a3501b7b3d3c593b78a2c7305093a8e363c518cd156f1a77117185e312abe",
    "https://esm.d8d.fun/delayed-stream@1.0.0?target=denonext": "d363b81e01f4c886114df14aa660c1a938bbb4be851ff12132260bed0db6126e",
    "https://esm.d8d.fun/engine.io-client@6.6.3/denonext/engine.io-client.mjs": "d127a167771015e459e79fb0eb38ee99601ae96ae98924ee407dd77d0ee8be0a",
    "https://esm.d8d.fun/engine.io-client@6.6.3?target=denonext": "d97129d74541438ec8167b8232ff764b408b8bf4c065924c60823795fa3e038d",
    "https://esm.d8d.fun/engine.io-parser@5.2.3/denonext/engine.io-parser.mjs": "dfb40060c00806566e236f3112b950f43fa6b5e3a142f14ba2e83ad651f4a451",
    "https://esm.d8d.fun/engine.io-parser@5.2.3?target=denonext": "1dd633858ff4fd2affd2343c0f16f4d0727524919f53f0a5cf240baefd3c91fd",
    "https://esm.d8d.fun/follow-redirects@1.15.9/denonext/follow-redirects.mjs": "90866d22d80eface74d3161906835600fbb1d5c9ded05dc72fd55b40960cfce7",
    "https://esm.d8d.fun/follow-redirects@1.15.9?target=denonext": "c8028ec9d980a1974362377614a4978d1556ba85a75bc32526e8917bede535d1",
    "https://esm.d8d.fun/form-data@4.0.2/denonext/form-data.mjs": "ad3c492eef1c6153bcfa02eb3041894e8bc8e4aa241ad4d9bd53a385f36d2c6f",
    "https://esm.d8d.fun/form-data@4.0.2?target=denonext": "83cf111a2e6f0f7b6c045508635ceae449c5d43d8d22df23693e5b996cc65899",
    "https://esm.d8d.fun/isexe@3.1.1/denonext/isexe.mjs": "59b58a950d33368749f8b2f0df8377ded09f5f30c276f79239a2542029e77a43",
    "https://esm.d8d.fun/isexe@3.1.1/denonext/posix.mjs": "f99f8d2aacd0b5424625cee480f36b47639cfbad44c64b7b21cbba18ad77a1b2",
    "https://esm.d8d.fun/isexe@3.1.1/denonext/win32.mjs": "f52981ee6555549c246db8e9e6c0ee1e2947a35367c3bcec0ba31834387991c0",
    "https://esm.d8d.fun/isexe@3.1.1?target=denonext": "b3c61e7e70b9d56865de461fbcdae702ebf93743143457079a15a60e30dfcf83",
    "https://esm.d8d.fun/mime-db@1.52.0/denonext/mime-db.mjs": "f93feb3d7150014b71bd0d06c5bd819db56a089b31b8b79a3b0466bb37ef005e",
    "https://esm.d8d.fun/mime-types@2.1.35/denonext/mime-types.mjs": "704bdb318816fe1360c90a196f7cb3ba6e25fe207707cc2df873f890ad2e5f44",
    "https://esm.d8d.fun/mime-types@2.1.35?target=denonext": "e4cc9a1aabecc1be22d194375ec3b99cc9d51700cc4629ab689975451c0a8ce5",
    "https://esm.d8d.fun/ms@2.1.3/denonext/ms.mjs": "9039464da1f4ae1c2042742d335c82556c048bbe49449b5d0cd5198193afa147",
    "https://esm.d8d.fun/ms@2.1.3?target=denonext": "36f5aa7503ff0ff44ce9e3155a60362d8d3ae5db8db048be5764a3a515b6a263",
    "https://esm.d8d.fun/nanoid@5.1.5/denonext/nanoid.mjs": "dc919f2d7339a244f732a0cf02e3962dd1289535668026f52fb26bd593e9358b",
    "https://esm.d8d.fun/nanoid@5.1.5?target=denonext": "33ad5b17f1290cb850164cfcf30f642d9dad489ba19909bc3cfd9eb78369f451",
    "https://esm.d8d.fun/node-gyp-build@4.8.4/denonext/node-gyp-build.mjs": "9a86f2d044fc77bd60aaa3d697c2ba1b818da5fb1b9aaeedec59a40b8e908803",
    "https://esm.d8d.fun/node-gyp-build@4.8.4?target=denonext": "261a6cedf1fdbf159798141ba1e2311ac1510682c5c8b55dacc8cf5fdee4aa06",
    "https://esm.d8d.fun/proxy-from-env@1.1.0/denonext/proxy-from-env.mjs": "f60f9c79fc3baa07c13c800798d645ae70d1b2059b8d593dcd4f8c5710b50333",
    "https://esm.d8d.fun/proxy-from-env@1.1.0?target=denonext": "bf02a050a1a6aa56ddba25dbea2c355da294630e5c5520fddea4b2f30a9292bc",
    "https://esm.d8d.fun/react-dom@19.0.0/X-ZHJlYWN0QDE5LjAuMA/denonext/client.mjs": "af662fd134eea98f37fdcea6142accd0f8a7d2e13c1c3c9e98dc37a8c7aad46b",
    "https://esm.d8d.fun/react-dom@19.0.0/X-ZHJlYWN0QDE5LjAuMA/denonext/react-dom.mjs": "a2f7bc344e1d5b7ca47e68665291e206ae4db17ee84f234f3d3e2533b9119f63",
    "https://esm.d8d.fun/react-dom@19.0.0/client": "c972c16184c695fc5828dfa61d7f341edbc463d20d8108765c93a98027c24227",
    "https://esm.d8d.fun/react-dom@19.0.0/client?deps=react@19.0.0,react-dom@19.0.0": "eaf0dd9b4937f9f7674c02491ce718f461ad49377d8515e71c24ae841f407ded",
    "https://esm.d8d.fun/react-dom@19.0.0/denonext/client.mjs": "af662fd134eea98f37fdcea6142accd0f8a7d2e13c1c3c9e98dc37a8c7aad46b",
    "https://esm.d8d.fun/react-dom@19.0.0/denonext/react-dom.mjs": "a2f7bc344e1d5b7ca47e68665291e206ae4db17ee84f234f3d3e2533b9119f63",
    "https://esm.d8d.fun/react-dom@19.0.0?deps=react@19.0.0,react-dom@19.0.0": "0e49978c3f0fb4a94db9c9318aebd7e1b35651678050871a91ebb080cc3e1f83",
    "https://esm.d8d.fun/react-router@7.3.0/X-ZHJlYWN0LWRvbUAxOS4wLjAscmVhY3RAMTkuMC4w/denonext/dist/development/chunk-K6CSEXPM.mjs": "441898046ad7c4fd9a6b53e13a398c9c74c4412c519e942f82b8a77f7af9f9d6",
    "https://esm.d8d.fun/react-router@7.3.0/X-ZHJlYWN0LWRvbUAxOS4wLjAscmVhY3RAMTkuMC4w/denonext/react-router.mjs": "b0b05fcfc3a03c5f679cd0bc69ca19aa10abaa977395df00e86b3fb114e5e346",
    "https://esm.d8d.fun/react-router@7.3.0?deps=react@19.0.0,react-dom@19.0.0": "ad747718e32a45020d67eb4ff98f9734cb06a10ceb393baac0a965043e96cdf0",
    "https://esm.d8d.fun/react@19.0.0": "ab1f4aa20ac56c237bbb204632bdb55f03a0ab005d21944eeb447e5e37879637",
    "https://esm.d8d.fun/react@19.0.0/X-ZHJlYWN0LWRvbUAxOS4wLjA/denonext/react.mjs": "87fdb28d39ca8983bdba3e7ec329305f95463cfc70c015b2620b4900fa15efdd",
    "https://esm.d8d.fun/react@19.0.0/denonext/jsx-runtime.mjs": "643b749fa9666fbf73619a99fd708722edb4acaa34c8cea7be783a3432367780",
    "https://esm.d8d.fun/react@19.0.0/denonext/react.mjs": "87fdb28d39ca8983bdba3e7ec329305f95463cfc70c015b2620b4900fa15efdd",
    "https://esm.d8d.fun/react@19.0.0?deps=react@19.0.0,react-dom@19.0.0": "05a4c12599a7d4b62ff7fc37228964902d26e2f7ba03a61d6335793b998972b7",
    "https://esm.d8d.fun/scheduler@0.25.0/denonext/scheduler.mjs": "50687edf9e0034b6db97303b1b16893b59c5833c21ea8cf913dc380b537f6aaf",
    "https://esm.d8d.fun/scheduler@0.25.0?target=denonext": "c12810f51123057a8a8e309cc8befaac0b5cd371cb4d61bf0372ab8046acc8e0",
    "https://esm.d8d.fun/set-cookie-parser@2.7.1/denonext/set-cookie-parser.mjs": "81f09c909c63221a2460bc7602746543af6fd05b54fd866a04e81bb754bc7f26",
    "https://esm.d8d.fun/set-cookie-parser@2.7.1?target=denonext": "5340cc320e1c716299df7947a234e4b58951c97eba69b43d9f79d8933a07e6c8",
    "https://esm.d8d.fun/socket.io-client@4.8.1/denonext/socket.io-client.mjs": "b902dafad93171849d6d6e9e98bfa5357513089e43b0fbf9268d394f0839f372",
    "https://esm.d8d.fun/socket.io-client@4.8.1?target=denonext": "f5543108c5018ca5904af75985dc9ff7b7210334782408cf87bdf091ce1fbf2e",
    "https://esm.d8d.fun/socket.io-parser@4.2.4/denonext/socket.io-parser.mjs": "a989568a92fa45870a4ae74fb731c5e554ef6c901b97f154d8c84267f7d5aaba",
    "https://esm.d8d.fun/socket.io-parser@4.2.4?target=denonext": "95bc48ccd83940940fb68cf3401280667a8bad2b6abc8a4c7bb5c39ec59aff16",
    "https://esm.d8d.fun/supports-color@10.0.0/denonext/supports-color.mjs": "239cd39d0828e1a018dee102748da869b1b75c38fe6a9c0c8f0bd4ffbd3e1ea1",
    "https://esm.d8d.fun/supports-color@10.0.0?target=denonext": "4895255248e4ba0cbcce9437003dccf3658b1ac1d1e8eba5225fb8194c454ee1",
    "https://esm.d8d.fun/turbo-stream@2.4.0/denonext/turbo-stream.mjs": "635731418708dd33b7db7bf5a0011b28fb89b61154f70ab112da16d5b0cc20b4",
    "https://esm.d8d.fun/utf-8-validate@6.0.5/denonext/utf-8-validate.mjs": "90c0c88a13bc4749b497361480d618bf4809153f5d5ba694fac79ae9dbf634a9",
    "https://esm.d8d.fun/utf-8-validate@6.0.5?target=denonext": "071bc33ba1a58297e23a34d69dd589fd06df04b0f373b382ff5da544a623f271",
    "https://esm.d8d.fun/which@4.0.0/denonext/which.mjs": "9f47207c6dc9684fe3d852f2290c474577babaeabf60616652630c0b90421a53",
    "https://esm.d8d.fun/which@4.0.0?target=denonext": "50b06c1a68e3ef88dc8e2c68c17b732a6d1917000d5d59637496da3b61549c8e",
    "https://esm.d8d.fun/ws@8.17.1/denonext/ws.mjs": "7b349f9bcf5af35a422b01ece5189ac693f84f07cc2e9be12023ec818a18ba71",
    "https://esm.d8d.fun/ws@8.17.1?target=denonext": "3c5e4dca1be73c0e7776cb033809d16c2421b785cd1b93827b76a43c5b59a0bd",
    "https://esm.d8d.fun/xmlhttprequest-ssl@2.1.2/denonext/xmlhttprequest-ssl.mjs": "5cb537aeb44e2971f9d84c4e22e0d24ea0554eb6c33a5d10a46cf163debf60ec",
    "https://esm.d8d.fun/xmlhttprequest-ssl@2.1.2?target=denonext": "5a4574293c501f0f0da3ddd653bd5d9ac00ea59647e3b20694cc05ed02e7a22f"
  }
}
